
Microsoft Visual Studio Solution File, Format Version 12.00
# Visual Studio 15
VisualStudioVersion = 15.0.28307.645
MinimumVisualStudioVersion = 10.0.40219.1
Project("{8BC9CEB8-8B4A-11D0-8D11-00A0C91BC942}") = "Chapter3-Lamp", "Chapter3-Lamp\Chapter3-Lamp.vcxproj", "{A236BB48-30AF-4F06-A0D8-8AF586C2BFC3}"
EndProject
Project("{8BC9CEB8-8B4A-11D0-8D11-00A0C91BC942}") = "Chapter3-Snake", "Chapter3-Snake\Chapter3-Snake.vcxproj", "{14998361-BF11-449E-8DDF-D38C7F2F8337}"
EndProject
Project("{8BC9CEB8-8B4A-11D0-8D11-00A0C91BC942}") = "Chapter3-Snake-practice", "Chapter3-Snake-practice\Chapter3-Snake-practice.vcxproj", "{1D93BCBF-78A2-4C7D-8943-9A7A57784FC4}"
EndProject
Project("{8BC9CEB8-8B4A-11D0-8D11-00A0C91BC942}") = "Chapter3-WERTYU", "Chapter3-WERTYU\Chapter3-WERTYU.vcxproj", "{DFA4E2D7-D1E8-4708-AC6D-6328DA25DDFD}"
EndProject
Project("{8BC9CEB8-8B4A-11D0-8D11-00A0C91BC942}") = "Chapter3-MMHints", "Chapter3-MMHints\Chapter3-MMHints.vcxproj", "{90D57E53-59AD-432F-AC75-B6C43A8F749C}"
EndProject
Project("{8BC9CEB8-8B4A-11D0-8D11-00A0C91BC942}") = "Chapter3-DigitGenerator", "Chapter3-DigitGenerator\Chapter3-DigitGenerator.vcxproj", "{462FFAE5-D87A-410A-99FF-6C97DC6F6263}"
EndProject
Global
	GlobalSection(SolutionConfigurationPlatforms) = preSolution
		Debug|x64 = Debug|x64
		Debug|x86 = Debug|x86
		Release|x64 = Release|x64
		Release|x86 = Release|x86
	EndGlobalSection
	GlobalSection(ProjectConfigurationPlatforms) = postSolution
		{A236BB48-30AF-4F06-A0D8-8AF586C2BFC3}.Debug|x64.ActiveCfg = Debug|x64
		{A236BB48-30AF-4F06-A0D8-8AF586C2BFC3}.Debug|x64.Build.0 = Debug|x64
		{A236BB48-30AF-4F06-A0D8-8AF586C2BFC3}.Debug|x86.ActiveCfg = Debug|Win32
		{A236BB48-30AF-4F06-A0D8-8AF586C2BFC3}.Debug|x86.Build.0 = Debug|Win32
		{A236BB48-30AF-4F06-A0D8-8AF586C2BFC3}.Release|x64.ActiveCfg = Release|x64
		{A236BB48-30AF-4F06-A0D8-8AF586C2BFC3}.Release|x64.Build.0 = Release|x64
		{A236BB48-30AF-4F06-A0D8-8AF586C2BFC3}.Release|x86.ActiveCfg = Release|Win32
		{A236BB48-30AF-4F06-A0D8-8AF586C2BFC3}.Release|x86.Build.0 = Release|Win32
		{14998361-BF11-449E-8DDF-D38C7F2F8337}.Debug|x64.ActiveCfg = Debug|x64
		{14998361-BF11-449E-8DDF-D38C7F2F8337}.Debug|x64.Build.0 = Debug|x64
		{14998361-BF11-449E-8DDF-D38C7F2F8337}.Debug|x86.ActiveCfg = Debug|Win32
		{14998361-BF11-449E-8DDF-D38C7F2F8337}.Debug|x86.Build.0 = Debug|Win32
		{14998361-BF11-449E-8DDF-D38C7F2F8337}.Release|x64.ActiveCfg = Release|x64
		{14998361-BF11-449E-8DDF-D38C7F2F8337}.Release|x64.Build.0 = Release|x64
		{14998361-BF11-449E-8DDF-D38C7F2F8337}.Release|x86.ActiveCfg = Release|Win32
		{14998361-BF11-449E-8DDF-D38C7F2F8337}.Release|x86.Build.0 = Release|Win32
		{1D93BCBF-78A2-4C7D-8943-9A7A57784FC4}.Debug|x64.ActiveCfg = Debug|x64
		{1D93BCBF-78A2-4C7D-8943-9A7A57784FC4}.Debug|x64.Build.0 = Debug|x64
		{1D93BCBF-78A2-4C7D-8943-9A7A57784FC4}.Debug|x86.ActiveCfg = Debug|Win32
		{1D93BCBF-78A2-4C7D-8943-9A7A57784FC4}.Debug|x86.Build.0 = Debug|Win32
		{1D93BCBF-78A2-4C7D-8943-9A7A57784FC4}.Release|x64.ActiveCfg = Release|x64
		{1D93BCBF-78A2-4C7D-8943-9A7A57784FC4}.Release|x64.Build.0 = Release|x64
		{1D93BCBF-78A2-4C7D-8943-9A7A57784FC4}.Release|x86.ActiveCfg = Release|Win32
		{1D93BCBF-78A2-4C7D-8943-9A7A57784FC4}.Release|x86.Build.0 = Release|Win32
		{DFA4E2D7-D1E8-4708-AC6D-6328DA25DDFD}.Debug|x64.ActiveCfg = Debug|x64
		{DFA4E2D7-D1E8-4708-AC6D-6328DA25DDFD}.Debug|x64.Build.0 = Debug|x64
		{DFA4E2D7-D1E8-4708-AC6D-6328DA25DDFD}.Debug|x86.ActiveCfg = Debug|Win32
		{DFA4E2D7-D1E8-4708-AC6D-6328DA25DDFD}.Debug|x86.Build.0 = Debug|Win32
		{DFA4E2D7-D1E8-4708-AC6D-6328DA25DDFD}.Release|x64.ActiveCfg = Release|x64
		{DFA4E2D7-D1E8-4708-AC6D-6328DA25DDFD}.Release|x64.Build.0 = Release|x64
		{DFA4E2D7-D1E8-4708-AC6D-6328DA25DDFD}.Release|x86.ActiveCfg = Release|Win32
		{DFA4E2D7-D1E8-4708-AC6D-6328DA25DDFD}.Release|x86.Build.0 = Release|Win32
		{90D57E53-59AD-432F-AC75-B6C43A8F749C}.Debug|x64.ActiveCfg = Debug|x64
		{90D57E53-59AD-432F-AC75-B6C43A8F749C}.Debug|x64.Build.0 = Debug|x64
		{90D57E53-59AD-432F-AC75-B6C43A8F749C}.Debug|x86.ActiveCfg = Debug|Win32
		{90D57E53-59AD-432F-AC75-B6C43A8F749C}.Debug|x86.Build.0 = Debug|Win32
		{90D57E53-59AD-432F-AC75-B6C43A8F749C}.Release|x64.ActiveCfg = Release|x64
		{90D57E53-59AD-432F-AC75-B6C43A8F749C}.Release|x64.Build.0 = Release|x64
		{90D57E53-59AD-432F-AC75-B6C43A8F749C}.Release|x86.ActiveCfg = Release|Win32
		{90D57E53-59AD-432F-AC75-B6C43A8F749C}.Release|x86.Build.0 = Release|Win32
		{462FFAE5-D87A-410A-99FF-6C97DC6F6263}.Debug|x64.ActiveCfg = Debug|x64
		{462FFAE5-D87A-410A-99FF-6C97DC6F6263}.Debug|x64.Build.0 = Debug|x64
		{462FFAE5-D87A-410A-99FF-6C97DC6F6263}.Debug|x86.ActiveCfg = Debug|Win32
		{462FFAE5-D87A-410A-99FF-6C97DC6F6263}.Debug|x86.Build.0 = Debug|Win32
		{462FFAE5-D87A-410A-99FF-6C97DC6F6263}.Release|x64.ActiveCfg = Release|x64
		{462FFAE5-D87A-410A-99FF-6C97DC6F6263}.Release|x64.Build.0 = Release|x64
		{462FFAE5-D87A-410A-99FF-6C97DC6F6263}.Release|x86.ActiveCfg = Release|Win32
		{462FFAE5-D87A-410A-99FF-6C97DC6F6263}.Release|x86.Build.0 = Release|Win32
	EndGlobalSection
	GlobalSection(SolutionProperties) = preSolution
		HideSolutionNode = FALSE
	EndGlobalSection
	GlobalSection(ExtensibilityGlobals) = postSolution
		SolutionGuid = {5F5D8D7E-AE08-4EA3-A9B1-60DC0AE2EC5E}
	EndGlobalSection
EndGlobal
